// !$*UTF8*$!
{
	archiveVersion = 1;
	classes = {
	};
	objectVersion = 48;
	objects = {

/* Begin PBXBuildFile section */
		1383D2341FB50D63007F7B5F /* AppDelegate.swift in Sources */ = {isa = PBXBuildFile; fileRef = 1383D2331FB50D63007F7B5F /* AppDelegate.swift */; };
		1383D2361FB50D63007F7B5F /* TwistyViewController.swift in Sources */ = {isa = PBXBuildFile; fileRef = 1383D2351FB50D63007F7B5F /* TwistyViewController.swift */; };
		1383D2391FB50D63007F7B5F /* Main.storyboard in Resources */ = {isa = PBXBuildFile; fileRef = 1383D2371FB50D63007F7B5F /* Main.storyboard */; };
		1383D23B1FB50D63007F7B5F /* Assets.xcassets in Resources */ = {isa = PBXBuildFile; fileRef = 1383D23A1FB50D63007F7B5F /* Assets.xcassets */; };
		1383D23E1FB50D63007F7B5F /* LaunchScreen.storyboard in Resources */ = {isa = PBXBuildFile; fileRef = 1383D23C1FB50D63007F7B5F /* LaunchScreen.storyboard */; };
		1383D2461FB52931007F7B5F /* Hand.swift in Sources */ = {isa = PBXBuildFile; fileRef = 1383D2451FB52931007F7B5F /* Hand.swift */; };
/* End PBXBuildFile section */

/* Begin PBXFileReference section */
		1383D2301FB50D63007F7B5F /* Twisty Fingers.app */ = {isa = PBXFileReference; explicitFileType = wrapper.application; includeInIndex = 0; path = "Twisty Fingers.app"; sourceTree = BUILT_PRODUCTS_DIR; };
		1383D2331FB50D63007F7B5F /* AppDelegate.swift */ = {isa = PBXFileReference; lastKnownFileType = sourcecode.swift; path = AppDelegate.swift; sourceTree = "<group>"; };
		1383D2351FB50D63007F7B5F /* TwistyViewController.swift */ = {isa = PBXFileReference; lastKnownFileType = sourcecode.swift; path = TwistyViewController.swift; sourceTree = "<group>"; };
		1383D2381FB50D63007F7B5F /* Base */ = {isa = PBXFileReference; lastKnownFileType = file.storyboard; name = Base; path = Base.lproj/Main.storyboard; sourceTree = "<group>"; };
		1383D23A1FB50D63007F7B5F /* Assets.xcassets */ = {isa = PBXFileReference; lastKnownFileType = folder.assetcatalog; path = Assets.xcassets; sourceTree = "<group>"; };
		1383D23D1FB50D63007F7B5F /* Base */ = {isa = PBXFileReference; lastKnownFileType = file.storyboard; name = Base; path = Base.lproj/LaunchScreen.storyboard; sourceTree = "<group>"; };
		1383D23F1FB50D63007F7B5F /* Info.plist */ = {isa = PBXFileReference; lastKnownFileType = text.plist.xml; path = Info.plist; sourceTree = "<group>"; };
		1383D2451FB52931007F7B5F /* Hand.swift */ = {isa = PBXFileReference; lastKnownFileType = sourcecode.swift; path = Hand.swift; sourceTree = "<group>"; };
/* End PBXFileReference section */

/* Begin PBXFrameworksBuildPhase section */
		1383D22D1FB50D63007F7B5F /* Frameworks */ = {
			isa = PBXFrameworksBuildPhase;
			buildActionMask = 2147483647;
			files = (
			);
			runOnlyForDeploymentPostprocessing = 0;
		};
/* End PBXFrameworksBuildPhase section */

/* Begin PBXGroup section */
		1383D2271FB50D63007F7B5F = {
			isa = PBXGroup;
			children = (
				1383D2321FB50D63007F7B5F /* Twisty Fingers */,
				1383D2311FB50D63007F7B5F /* Products */,
			);
			sourceTree = "<group>";
		};
		1383D2311FB50D63007F7B5F /* Products */ = {
			isa = PBXGroup;
			children = (
				1383D2301FB50D63007F7B5F /* Twisty Fingers.app */,
			);
			name = Products;
			sourceTree = "<group>";
		};
		1383D2321FB50D63007F7B5F /* Twisty Fingers */ = {
			isa = PBXGroup;
			children = (
				1383D2331FB50D63007F7B5F /* AppDelegate.swift */,
				1383D2351FB50D63007F7B5F /* TwistyViewController.swift */,
				1383D2371FB50D63007F7B5F /* Main.storyboard */,
				1383D23A1FB50D63007F7B5F /* Assets.xcassets */,
				1383D23C1FB50D63007F7B5F /* LaunchScreen.storyboard */,
				1383D23F1FB50D63007F7B5F /* Info.plist */,
				1383D2451FB52931007F7B5F /* Hand.swift */,
			);
			path = "Twisty Fingers";
			sourceTree = "<group>";
		};
/* End PBXGroup section */

/* Begin PBXNativeTarget section */
		1383D22F1FB50D63007F7B5F /* Twisty Fingers */ = {
			isa = PBXNativeTarget;
			buildConfigurationList = 1383D2421FB50D63007F7B5F /* Build configuration list for PBXNativeTarget "Twisty Fingers" */;
			buildPhases = (
				1383D22C1FB50D63007F7B5F /* Sources */,
				1383D22D1FB50D63007F7B5F /* Frameworks */,
				1383D22E1FB50D63007F7B5F /* Resources */,
			);
			buildRules = (
			);
			dependencies = (
			);
			name = "Twisty Fingers";
			productName = "Twisty Fingers";
			productReference = 1383D2301FB50D63007F7B5F /* Twisty Fingers.app */;
			productType = "com.apple.product-type.application";
		};
/* End PBXNativeTarget section */

/* Begin PBXProject section */
		1383D2281FB50D63007F7B5F /* Project object */ = {
			isa = PBXProject;
			attributes = {
				LastSwiftUpdateCheck = 0910;
				LastUpgradeCheck = 0910;
				ORGANIZATIONNAME = "Brent Morgan";
				TargetAttributes = {
					1383D22F1FB50D63007F7B5F = {
						CreatedOnToolsVersion = 9.1;
						ProvisioningStyle = Automatic;
					};
				};
			};
			buildConfigurationList = 1383D22B1FB50D63007F7B5F /* Build configuration list for PBXProject "Twisty Fingers" */;
			compatibilityVersion = "Xcode 8.0";
			developmentRegion = en;
			hasScannedForEncodings = 0;
			knownRegions = (
				en,
				Base,
			);
			mainGroup = 1383D2271FB50D63007F7B5F;
			productRefGroup = 1383D2311FB50D63007F7B5F /* Products */;
			projectDirPath = "";
			projectRoot = "";
			targets = (
				1383D22F1FB50D63007F7B5F /* Twisty Fingers */,
			);
		};
/* End PBXProject section */

/* Begin PBXResourcesBuildPhase section */
		1383D22E1FB50D63007F7B5F /* Resources */ = {
			isa = PBXResourcesBuildPhase;
			buildActionMask = 2147483647;
			files = (
				1383D23E1FB50D63007F7B5F /* LaunchScreen.storyboard in Resources */,
				1383D23B1FB50D63007F7B5F /* Assets.xcassets in Resources */,
				1383D2391FB50D63007F7B5F /* Main.storyboard in Resources */,
			);
			runOnlyForDeploymentPostprocessing = 0;
		};
/* End PBXResourcesBuildPhase section */

/* Begin PBXSourcesBuildPhase section */
		1383D22C1FB50D63007F7B5F /* Sources */ = {
			isa = PBXSourcesBuildPhase;
			buildActionMask = 2147483647;
			files = (
				1383D2361FB50D63007F7B5F /* TwistyViewController.swift in Sources */,
				1383D2341FB50D63007F7B5F /* AppDelegate.swift in Sources */,
				1383D2461FB52931007F7B5F /* Hand.swift in Sources */,
			);
			runOnlyForDeploymentPostprocessing = 0;
		};
/* End PBXSourcesBuildPhase section */

/* Begin PBXVariantGroup section */
		1383D2371FB50D63007F7B5F /* Main.storyboard */ = {
			isa = PBXVariantGroup;
			children = (
				1383D2381FB50D63007F7B5F /* Base */,
			);
			name = Main.storyboard;
			sourceTree = "<group>";
		};
		1383D23C1FB50D63007F7B5F /* LaunchScreen.storyboard */ = {
			isa = PBXVariantGroup;
			children = (
				1383D23D1FB50D63007F7B5F /* Base */,
			);
			name = LaunchScreen.storyboard;
			sourceTree = "<group>";
		};
/* End PBXVariantGroup section */

/* Begin XCBuildConfiguration section */
		1383D2401FB50D63007F7B5F /* Debug */ = {
			isa = XCBuildConfiguration;
			buildSettings = {
				ALWAYS_SEARCH_USER_PATHS = NO;
				CLANG_ANALYZER_NONNULL = YES;
				CLANG_ANALYZER_NUMBER_OBJECT_CONVERSION = YES_AGGRESSIVE;
				CLANG_CXX_LANGUAGE_STANDARD = "gnu++14";
				CLANG_CXX_LIBRARY = "libc++";
				CLANG_ENABLE_MODULES = YES;
				CLANG_ENABLE_OBJC_ARC = YES;
				CLANG_WARN_BLOCK_CAPTURE_AUTORELEASING = YES;
				CLANG_WARN_BOOL_CONVERSION = YES;
				CLANG_WARN_COMMA = YES;
				CLANG_WARN_CONSTANT_CONVERSION = YES;
				CLANG_WARN_DIRECT_OBJC_ISA_USAGE = YES_ERROR;
				CLANG_WARN_DOCUMENTATION_COMMENTS = YES;
				CLANG_WARN_EMPTY_BODY = YES;
				CLANG_WARN_ENUM_CONVERSION = YES;
				CLANG_WARN_INFINITE_RECURSION = YES;
				CLANG_WARN_INT_CONVERSION = YES;
				CLANG_WARN_NON_LITERAL_NULL_CONVERSION = YES;
				CLANG_WARN_OBJC_LITERAL_CONVERSION = YES;
				CLANG_WARN_OBJC_ROOT_CLASS = YES_ERROR;
				CLANG_WARN_RANGE_LOOP_ANALYSIS = YES;
				CLANG_WARN_STRICT_PROTOTYPES = YES;
				CLANG_WARN_SUSPICIOUS_MOVE = YES;
				CLANG_WARN_UNGUARDED_AVAILABILITY = YES_AGGRESSIVE;
				CLANG_WARN_UNREACHABLE_CODE = YES;
				CLANG_WARN__DUPLICATE_METHOD_MATCH = YES;
				CODE_SIGN_IDENTITY = "iPhone Developer";
				COPY_PHASE_STRIP = NO;
				DEBUG_INFORMATION_FORMAT = dwarf;
				ENABLE_STRICT_OBJC_MSGSEND = YES;
				ENABLE_TESTABILITY = YES;
				GCC_C_LANGUAGE_STANDARD = gnu11;
				GCC_DYNAMIC_NO_PIC = NO;
				GCC_NO_COMMON_BLOCKS = YES;
				GCC_OPTIMIZATION_LEVEL = 0;
				GCC_PREPROCESSOR_DEFINITIONS = (
					"DEBUG=1",
					"$(inherited)",
				);
				GCC_WARN_64_TO_32_BIT_CONVERSION = YES;
				GCC_WARN_ABOUT_RETURN_TYPE = YES_ERROR;
				GCC_WARN_UNDECLARED_SELECTOR = YES;
				GCC_WARN_UNINITIALIZED_AUTOS = YES_AGGRESSIVE;
				GCC_WARN_UNUSED_FUNCTION = YES;
				GCC_WARN_UNUSED_VARIABLE = YES;
				IPHONEOS_DEPLOYMENT_TARGET = 11.1;
				MTL_ENABLE_DEBUG_INFO = YES;
				ONLY_ACTIVE_ARCH = YES;
				SDKROOT = iphoneos;
				SWIFT_ACTIVE_COMPILATION_CONDITIONS = DEBUG;
				SWIFT_OPTIMIZATION_LEVEL = "-Onone";
			};
			name = Debug;
		};
		1383D2411FB50D63007F7B5F /* Release */ = {
			isa = XCBuildConfiguration;
			buildSettings = {
				ALWAYS_SEARCH_USER_PATHS = NO;
				CLANG_ANALYZER_NONNULL = YES;
				CLANG_ANALYZER_NUMBER_OBJECT_CONVERSION = YES_AGGRESSIVE;
				CLANG_CXX_LANGUAGE_STANDARD = "gnu++14";
				CLANG_CXX_LIBRARY = "libc++";
				CLANG_ENABLE_MODULES = YES;
				CLANG_ENABLE_OBJC_ARC = YES;
				CLANG_WARN_BLOCK_CAPTURE_AUTORELEASING = YES;
				CLANG_WARN_BOOL_CONVERSION = YES;
				CLANG_WARN_COMMA = YES;
				CLANG_WARN_CONSTANT_CONVERSION = YES;
				CLANG_WARN_DIRECT_OBJC_ISA_USAGE = YES_ERROR;
				CLANG_WARN_DOCUMENTATION_COMMENTS = YES;
				CLANG_WARN_EMPTY_BODY = YES;
				CLANG_WARN_ENUM_CONVERSION = YES;
				CLANG_WARN_INFINITE_RECURSION = YES;
				CLANG_WARN_INT_CONVERSION = YES;
				CLANG_WARN_NON_LITERAL_NULL_CONVERSION = YES;
				CLANG_WARN_OBJC_LITERAL_CONVERSION = YES;
				CLANG_WARN_OBJC_ROOT_CLASS = YES_ERROR;
				CLANG_WARN_RANGE_LOOP_ANALYSIS = YES;
				CLANG_WARN_STRICT_PROTOTYPES = YES;
				CLANG_WARN_SUSPICIOUS_MOVE = YES;
				CLANG_WARN_UNGUARDED_AVAILABILITY = YES_AGGRESSIVE;
				CLANG_WARN_UNREACHABLE_CODE = YES;
				CLANG_WARN__DUPLICATE_METHOD_MATCH = YES;
				CODE_SIGN_IDENTITY = "iPhone Developer";
				COPY_PHASE_STRIP = NO;
				DEBUG_INFORMATION_FORMAT = "dwarf-with-dsym";
				ENABLE_NS_ASSERTIONS = NO;
				ENABLE_STRICT_OBJC_MSGSEND = YES;
				GCC_C_LANGUAGE_STANDARD = gnu11;
				GCC_NO_COMMON_BLOCKS = YES;
				GCC_WARN_64_TO_32_BIT_CONVERSION = YES;
				GCC_WARN_ABOUT_RETURN_TYPE = YES_ERROR;
				GCC_WARN_UNDECLARED_SELECTOR = YES;
				GCC_WARN_UNINITIALIZED_AUTOS = YES_AGGRESSIVE;
				GCC_WARN_UNUSED_FUNCTION = YES;
				GCC_WARN_UNUSED_VARIABLE = YES;
				IPHONEOS_DEPLOYMENT_TARGET = 11.1;
				MTL_ENABLE_DEBUG_INFO = NO;
				SDKROOT = iphoneos;
				SWIFT_OPTIMIZATION_LEVEL = "-Owholemodule";
				VALIDATE_PRODUCT = YES;
			};
			name = Release;
		};
		1383D2431FB50D63007F7B5F /* Debug */ = {
			isa = XCBuildConfiguration;
			buildSettings = {
				ASSETCATALOG_COMPILER_APPICON_NAME = AppIcon;
				CODE_SIGN_STYLE = Automatic;
				DEVELOPMENT_TEAM = T4468HXKH5;
				INFOPLIST_FILE = "Twisty Fingers/Info.plist";
				IPHONEOS_DEPLOYMENT_TARGET = 10.0;
				LD_RUNPATH_SEARCH_PATHS = "$(inherited) @executable_path/Frameworks";
				PRODUCT_BUNDLE_IDENTIFIER = "com.brentnerb.Twisty-Fingers";
				PRODUCT_NAME = "$(TARGET_NAME)";
				SWIFT_VERSION = 4.0;
				TARGETED_DEVICE_FAMILY = "1,2";
			};
			name = Debug;
		};
		1383D2441FB50D63007F7B5F /* Release */ = {
			isa = XCBuildConfiguration;
			buildSettings = {
				ASSETCATALOG_COMPILER_APPICON_NAME = AppIcon;
				CODE_SIGN_STYLE = Automatic;
				DEVELOPMENT_TEAM = T4468HXKH5;
				INFOPLIST_FILE = "Twisty Fingers/Info.plist";
				IPHONEOS_DEPLOYMENT_TARGET = 10.0;
				LD_RUNPATH_SEARCH_PATHS = "$(inherited) @executable_path/Frameworks";
				PRODUCT_BUNDLE_IDENTIFIER = "com.brentnerb.Twisty-Fingers";
				PRODUCT_NAME = "$(TARGET_NAME)";
				SWIFT_VERSION = 4.0;
				TARGETED_DEVICE_FAMILY = "1,2";
			};
			name = Release;
		};
/* End XCBuildConfiguration section */

/* Begin XCConfigurationList section */
		1383D22B1FB50D63007F7B5F /* Build configuration list for PBXProject "Twisty Fingers" */ = {
			isa = XCConfigurationList;
			buildConfigurations = (
				1383D2401FB50D63007F7B5F /* Debug */,
				1383D2411FB50D63007F7B5F /* Release */,
			);
			defaultConfigurationIsVisible = 0;
			defaultConfigurationName = Release;
		};
		1383D2421FB50D63007F7B5F /* Build configuration list for PBXNativeTarget "Twisty Fingers" */ = {
			isa = XCConfigurationList;
			buildConfigurations = (
				1383D2431FB50D63007F7B5F /* Debug */,
				1383D2441FB50D63007F7B5F /* Release */,
			);
			defaultConfigurationIsVisible = 0;
			defaultConfigurationName = Release;
		};
/* End XCConfigurationList section */
	};
	rootObject = 1383D2281FB50D63007F7B5F /* Project object */;
}
